// !$*UTF8*$!
{
	archiveVersion = 1;
	classes = {
	};
	objectVersion = 50;
	objects = {

/* Begin PBXBuildFile section */
		4F224BC39D878C80C2C7B727 /* Pods_CleanMVVMTests.framework in Frameworks */ = {isa = PBXBuildFile; fileRef = 9929213161CDD3DD11CA2BAD /* Pods_CleanMVVMTests.framework */; };
		6E0D9AB121BD64A7008BDD38 /* Dynamic.swift in Sources */ = {isa = PBXBuildFile; fileRef = 6E0D9AB021BD64A7008BDD38 /* Dynamic.swift */; };
		6E0D9AB421BD64F4008BDD38 /* DashboardViewController.swift in Sources */ = {isa = PBXBuildFile; fileRef = 6E0D9AB321BD64F4008BDD38 /* DashboardViewController.swift */; };
		6E0D9AB621BD650E008BDD38 /* DashboardViewModel.swift in Sources */ = {isa = PBXBuildFile; fileRef = 6E0D9AB521BD650E008BDD38 /* DashboardViewModel.swift */; };
		6E0D9AB821BD651A008BDD38 /* DashboardConfigurator.swift in Sources */ = {isa = PBXBuildFile; fileRef = 6E0D9AB721BD651A008BDD38 /* DashboardConfigurator.swift */; };
		6E0D9ABA21BD6528008BDD38 /* DashboardViewController.storyboard in Resources */ = {isa = PBXBuildFile; fileRef = 6E0D9AB921BD6528008BDD38 /* DashboardViewController.storyboard */; };
		6E0D9ABD21BD6CFD008BDD38 /* Customer.swift in Sources */ = {isa = PBXBuildFile; fileRef = 6E0D9ABC21BD6CFD008BDD38 /* Customer.swift */; };
		6E0D9AC021BDA7A5008BDD38 /* FetchCustomerUseCase.swift in Sources */ = {isa = PBXBuildFile; fileRef = 6E0D9ABF21BDA7A5008BDD38 /* FetchCustomerUseCase.swift */; };
		E5867F7821BABCE600A03C92 /* LoginViewController.swift in Sources */ = {isa = PBXBuildFile; fileRef = E5867F7721BABCE600A03C92 /* LoginViewController.swift */; };
		E5867F7A21BABCEF00A03C92 /* LoginViewModel.swift in Sources */ = {isa = PBXBuildFile; fileRef = E5867F7921BABCEF00A03C92 /* LoginViewModel.swift */; };
		E5867F7C21BABCF800A03C92 /* LoginConfigurator.swift in Sources */ = {isa = PBXBuildFile; fileRef = E5867F7B21BABCF800A03C92 /* LoginConfigurator.swift */; };
		E5867F7E21BABD0300A03C92 /* LoginViewController.storyboard in Resources */ = {isa = PBXBuildFile; fileRef = E5867F7D21BABD0200A03C92 /* LoginViewController.storyboard */; };
		E5867F8121BABF7200A03C92 /* LoginUseCase.swift in Sources */ = {isa = PBXBuildFile; fileRef = E5867F8021BABF7200A03C92 /* LoginUseCase.swift */; };
		E58E7CB121BA92A90055BB8C /* AppDelegate.swift in Sources */ = {isa = PBXBuildFile; fileRef = E58E7CB021BA92A90055BB8C /* AppDelegate.swift */; };
		E58E7CB821BA92AB0055BB8C /* Assets.xcassets in Resources */ = {isa = PBXBuildFile; fileRef = E58E7CB721BA92AB0055BB8C /* Assets.xcassets */; };
		E58E7CBB21BA92AB0055BB8C /* LaunchScreen.storyboard in Resources */ = {isa = PBXBuildFile; fileRef = E58E7CB921BA92AB0055BB8C /* LaunchScreen.storyboard */; };
		E58E7CC621BA92AB0055BB8C /* CleanMVVMTests.swift in Sources */ = {isa = PBXBuildFile; fileRef = E58E7CC521BA92AB0055BB8C /* CleanMVVMTests.swift */; };
		E5D3682F21BA93A4007D5227 /* Storyboardable.swift in Sources */ = {isa = PBXBuildFile; fileRef = E5D3682E21BA93A4007D5227 /* Storyboardable.swift */; };
		E5D3683421BA952A007D5227 /* Coordinator.swift in Sources */ = {isa = PBXBuildFile; fileRef = E5D3683321BA952A007D5227 /* Coordinator.swift */; };
		E5D3683821BA96C2007D5227 /* RootCoordinator.swift in Sources */ = {isa = PBXBuildFile; fileRef = E5D3683721BA96C2007D5227 /* RootCoordinator.swift */; };
		E5D3683A21BA96DD007D5227 /* AuthCoordinator.swift in Sources */ = {isa = PBXBuildFile; fileRef = E5D3683921BA96DD007D5227 /* AuthCoordinator.swift */; };
		E5D3683C21BA96F6007D5227 /* AppCoordinator.swift in Sources */ = {isa = PBXBuildFile; fileRef = E5D3683B21BA96F6007D5227 /* AppCoordinator.swift */; };
		E5D3683E21BA9735007D5227 /* SplashViewController.swift in Sources */ = {isa = PBXBuildFile; fileRef = E5D3683D21BA9735007D5227 /* SplashViewController.swift */; };
		E5D3684221BA9764007D5227 /* SplashViewController.storyboard in Resources */ = {isa = PBXBuildFile; fileRef = E5D3684121BA9764007D5227 /* SplashViewController.storyboard */; };
		E5D3684421BA97F1007D5227 /* SplashConfigurator.swift in Sources */ = {isa = PBXBuildFile; fileRef = E5D3684321BA97F1007D5227 /* SplashConfigurator.swift */; };
		E5D3684621BA9820007D5227 /* SplashViewModel.swift in Sources */ = {isa = PBXBuildFile; fileRef = E5D3684521BA9820007D5227 /* SplashViewModel.swift */; };
		EFE56F2F5B563695F17D12EF /* Pods_CleanMVVM.framework in Frameworks */ = {isa = PBXBuildFile; fileRef = 1FBD07A37D8D7ADA90964041 /* Pods_CleanMVVM.framework */; };
/* End PBXBuildFile section */

/* Begin PBXContainerItemProxy section */
		E58E7CC221BA92AB0055BB8C /* PBXContainerItemProxy */ = {
			isa = PBXContainerItemProxy;
			containerPortal = E58E7CA521BA92A90055BB8C /* Project object */;
			proxyType = 1;
			remoteGlobalIDString = E58E7CAC21BA92A90055BB8C;
			remoteInfo = CleanMVVM;
		};
/* End PBXContainerItemProxy section */

/* Begin PBXFileReference section */
		0E2FFADF8F7F206263C741FC /* Pods-CleanMVVMTests.debug.xcconfig */ = {isa = PBXFileReference; includeInIndex = 1; lastKnownFileType = text.xcconfig; name = "Pods-CleanMVVMTests.debug.xcconfig"; path = "Pods/Target Support Files/Pods-CleanMVVMTests/Pods-CleanMVVMTests.debug.xcconfig"; sourceTree = "<group>"; };
		1FBD07A37D8D7ADA90964041 /* Pods_CleanMVVM.framework */ = {isa = PBXFileReference; explicitFileType = wrapper.framework; includeInIndex = 0; path = Pods_CleanMVVM.framework; sourceTree = BUILT_PRODUCTS_DIR; };
		4E79E80E6B53D87FFCE02D6C /* Pods-CleanMVVMTests.release.xcconfig */ = {isa = PBXFileReference; includeInIndex = 1; lastKnownFileType = text.xcconfig; name = "Pods-CleanMVVMTests.release.xcconfig"; path = "Pods/Target Support Files/Pods-CleanMVVMTests/Pods-CleanMVVMTests.release.xcconfig"; sourceTree = "<group>"; };
		6C25D2525F064E95812CE1FA /* Pods-CleanMVVM.release.xcconfig */ = {isa = PBXFileReference; includeInIndex = 1; lastKnownFileType = text.xcconfig; name = "Pods-CleanMVVM.release.xcconfig"; path = "Pods/Target Support Files/Pods-CleanMVVM/Pods-CleanMVVM.release.xcconfig"; sourceTree = "<group>"; };
		6E0D9AB021BD64A7008BDD38 /* Dynamic.swift */ = {isa = PBXFileReference; lastKnownFileType = sourcecode.swift; path = Dynamic.swift; sourceTree = "<group>"; };
		6E0D9AB321BD64F4008BDD38 /* DashboardViewController.swift */ = {isa = PBXFileReference; lastKnownFileType = sourcecode.swift; path = DashboardViewController.swift; sourceTree = "<group>"; };
		6E0D9AB521BD650E008BDD38 /* DashboardViewModel.swift */ = {isa = PBXFileReference; lastKnownFileType = sourcecode.swift; path = DashboardViewModel.swift; sourceTree = "<group>"; };
		6E0D9AB721BD651A008BDD38 /* DashboardConfigurator.swift */ = {isa = PBXFileReference; lastKnownFileType = sourcecode.swift; path = DashboardConfigurator.swift; sourceTree = "<group>"; };
		6E0D9AB921BD6528008BDD38 /* DashboardViewController.storyboard */ = {isa = PBXFileReference; lastKnownFileType = file.storyboard; path = DashboardViewController.storyboard; sourceTree = "<group>"; };
		6E0D9ABC21BD6CFD008BDD38 /* Customer.swift */ = {isa = PBXFileReference; lastKnownFileType = sourcecode.swift; path = Customer.swift; sourceTree = "<group>"; };
		6E0D9ABF21BDA7A5008BDD38 /* FetchCustomerUseCase.swift */ = {isa = PBXFileReference; lastKnownFileType = sourcecode.swift; path = FetchCustomerUseCase.swift; sourceTree = "<group>"; };
		926671531AB3BA4351DE83B6 /* Pods-CleanMVVM.debug.xcconfig */ = {isa = PBXFileReference; includeInIndex = 1; lastKnownFileType = text.xcconfig; name = "Pods-CleanMVVM.debug.xcconfig"; path = "Pods/Target Support Files/Pods-CleanMVVM/Pods-CleanMVVM.debug.xcconfig"; sourceTree = "<group>"; };
		9929213161CDD3DD11CA2BAD /* Pods_CleanMVVMTests.framework */ = {isa = PBXFileReference; explicitFileType = wrapper.framework; includeInIndex = 0; path = Pods_CleanMVVMTests.framework; sourceTree = BUILT_PRODUCTS_DIR; };
		E5867F7721BABCE600A03C92 /* LoginViewController.swift */ = {isa = PBXFileReference; lastKnownFileType = sourcecode.swift; path = LoginViewController.swift; sourceTree = "<group>"; };
		E5867F7921BABCEF00A03C92 /* LoginViewModel.swift */ = {isa = PBXFileReference; lastKnownFileType = sourcecode.swift; path = LoginViewModel.swift; sourceTree = "<group>"; };
		E5867F7B21BABCF800A03C92 /* LoginConfigurator.swift */ = {isa = PBXFileReference; lastKnownFileType = sourcecode.swift; path = LoginConfigurator.swift; sourceTree = "<group>"; };
		E5867F7D21BABD0200A03C92 /* LoginViewController.storyboard */ = {isa = PBXFileReference; lastKnownFileType = file.storyboard; path = LoginViewController.storyboard; sourceTree = "<group>"; };
		E5867F8021BABF7200A03C92 /* LoginUseCase.swift */ = {isa = PBXFileReference; lastKnownFileType = sourcecode.swift; path = LoginUseCase.swift; sourceTree = "<group>"; };
		E58E7CAD21BA92A90055BB8C /* CleanMVVM.app */ = {isa = PBXFileReference; explicitFileType = wrapper.application; includeInIndex = 0; path = CleanMVVM.app; sourceTree = BUILT_PRODUCTS_DIR; };
		E58E7CB021BA92A90055BB8C /* AppDelegate.swift */ = {isa = PBXFileReference; lastKnownFileType = sourcecode.swift; path = AppDelegate.swift; sourceTree = "<group>"; };
		E58E7CB721BA92AB0055BB8C /* Assets.xcassets */ = {isa = PBXFileReference; lastKnownFileType = folder.assetcatalog; path = Assets.xcassets; sourceTree = "<group>"; };
		E58E7CBA21BA92AB0055BB8C /* Base */ = {isa = PBXFileReference; lastKnownFileType = file.storyboard; name = Base; path = Base.lproj/LaunchScreen.storyboard; sourceTree = "<group>"; };
		E58E7CBC21BA92AB0055BB8C /* Info.plist */ = {isa = PBXFileReference; lastKnownFileType = text.plist.xml; path = Info.plist; sourceTree = "<group>"; };
		E58E7CC121BA92AB0055BB8C /* CleanMVVMTests.xctest */ = {isa = PBXFileReference; explicitFileType = wrapper.cfbundle; includeInIndex = 0; path = CleanMVVMTests.xctest; sourceTree = BUILT_PRODUCTS_DIR; };
		E58E7CC521BA92AB0055BB8C /* CleanMVVMTests.swift */ = {isa = PBXFileReference; lastKnownFileType = sourcecode.swift; path = CleanMVVMTests.swift; sourceTree = "<group>"; };
		E58E7CC721BA92AB0055BB8C /* Info.plist */ = {isa = PBXFileReference; lastKnownFileType = text.plist.xml; path = Info.plist; sourceTree = "<group>"; };
		E5D3682E21BA93A4007D5227 /* Storyboardable.swift */ = {isa = PBXFileReference; lastKnownFileType = sourcecode.swift; path = Storyboardable.swift; sourceTree = "<group>"; };
		E5D3683321BA952A007D5227 /* Coordinator.swift */ = {isa = PBXFileReference; lastKnownFileType = sourcecode.swift; path = Coordinator.swift; sourceTree = "<group>"; };
		E5D3683721BA96C2007D5227 /* RootCoordinator.swift */ = {isa = PBXFileReference; lastKnownFileType = sourcecode.swift; path = RootCoordinator.swift; sourceTree = "<group>"; };
		E5D3683921BA96DD007D5227 /* AuthCoordinator.swift */ = {isa = PBXFileReference; lastKnownFileType = sourcecode.swift; path = AuthCoordinator.swift; sourceTree = "<group>"; };
		E5D3683B21BA96F6007D5227 /* AppCoordinator.swift */ = {isa = PBXFileReference; lastKnownFileType = sourcecode.swift; path = AppCoordinator.swift; sourceTree = "<group>"; };
		E5D3683D21BA9735007D5227 /* SplashViewController.swift */ = {isa = PBXFileReference; lastKnownFileType = sourcecode.swift; path = SplashViewController.swift; sourceTree = "<group>"; };
		E5D3684121BA9764007D5227 /* SplashViewController.storyboard */ = {isa = PBXFileReference; lastKnownFileType = file.storyboard; path = SplashViewController.storyboard; sourceTree = "<group>"; };
		E5D3684321BA97F1007D5227 /* SplashConfigurator.swift */ = {isa = PBXFileReference; lastKnownFileType = sourcecode.swift; path = SplashConfigurator.swift; sourceTree = "<group>"; };
		E5D3684521BA9820007D5227 /* SplashViewModel.swift */ = {isa = PBXFileReference; lastKnownFileType = sourcecode.swift; path = SplashViewModel.swift; sourceTree = "<group>"; };
/* End PBXFileReference section */

/* Begin PBXFrameworksBuildPhase section */
		E58E7CAA21BA92A90055BB8C /* Frameworks */ = {
			isa = PBXFrameworksBuildPhase;
			buildActionMask = 2147483647;
			files = (
				EFE56F2F5B563695F17D12EF /* Pods_CleanMVVM.framework in Frameworks */,
			);
			runOnlyForDeploymentPostprocessing = 0;
		};
		E58E7CBE21BA92AB0055BB8C /* Frameworks */ = {
			isa = PBXFrameworksBuildPhase;
			buildActionMask = 2147483647;
			files = (
				4F224BC39D878C80C2C7B727 /* Pods_CleanMVVMTests.framework in Frameworks */,
			);
			runOnlyForDeploymentPostprocessing = 0;
		};
/* End PBXFrameworksBuildPhase section */

/* Begin PBXGroup section */
		29B488537A81A4ED662BE45A /* Frameworks */ = {
			isa = PBXGroup;
			children = (
				1FBD07A37D8D7ADA90964041 /* Pods_CleanMVVM.framework */,
				9929213161CDD3DD11CA2BAD /* Pods_CleanMVVMTests.framework */,
			);
			name = Frameworks;
			sourceTree = "<group>";
		};
		3D1CD0E2522DF8B35CE608A9 /* Pods */ = {
			isa = PBXGroup;
			children = (
				926671531AB3BA4351DE83B6 /* Pods-CleanMVVM.debug.xcconfig */,
				6C25D2525F064E95812CE1FA /* Pods-CleanMVVM.release.xcconfig */,
				0E2FFADF8F7F206263C741FC /* Pods-CleanMVVMTests.debug.xcconfig */,
				4E79E80E6B53D87FFCE02D6C /* Pods-CleanMVVMTests.release.xcconfig */,
			);
			name = Pods;
			sourceTree = "<group>";
		};
		6E0D9AB221BD64E6008BDD38 /* Dashboard */ = {
			isa = PBXGroup;
			children = (
				6E0D9ABE21BDA796008BDD38 /* Use Cases */,
				6E0D9ABB21BD6CE4008BDD38 /* Models */,
				6E0D9AB921BD6528008BDD38 /* DashboardViewController.storyboard */,
				6E0D9AB321BD64F4008BDD38 /* DashboardViewController.swift */,
				6E0D9AB521BD650E008BDD38 /* DashboardViewModel.swift */,
				6E0D9AB721BD651A008BDD38 /* DashboardConfigurator.swift */,
			);
			path = Dashboard;
			sourceTree = "<group>";
		};
		6E0D9ABB21BD6CE4008BDD38 /* Models */ = {
			isa = PBXGroup;
			children = (
				6E0D9ABC21BD6CFD008BDD38 /* Customer.swift */,
			);
			path = Models;
			sourceTree = "<group>";
		};
		6E0D9ABE21BDA796008BDD38 /* Use Cases */ = {
			isa = PBXGroup;
			children = (
				6E0D9ABF21BDA7A5008BDD38 /* FetchCustomerUseCase.swift */,
			);
			path = "Use Cases";
			sourceTree = "<group>";
		};
		E5867F7521BAB87500A03C92 /* Authentication */ = {
			isa = PBXGroup;
			children = (
				E5867F7621BAB87B00A03C92 /* Login */,
			);
			path = Authentication;
			sourceTree = "<group>";
		};
		E5867F7621BAB87B00A03C92 /* Login */ = {
			isa = PBXGroup;
			children = (
				E5867F7F21BABF6400A03C92 /* Use Cases */,
				E5867F7D21BABD0200A03C92 /* LoginViewController.storyboard */,
				E5867F7721BABCE600A03C92 /* LoginViewController.swift */,
				E5867F7921BABCEF00A03C92 /* LoginViewModel.swift */,
				E5867F7B21BABCF800A03C92 /* LoginConfigurator.swift */,
			);
			path = Login;
			sourceTree = "<group>";
		};
		E5867F7F21BABF6400A03C92 /* Use Cases */ = {
			isa = PBXGroup;
			children = (
				E5867F8021BABF7200A03C92 /* LoginUseCase.swift */,
			);
			path = "Use Cases";
			sourceTree = "<group>";
		};
		E58E7CA421BA92A90055BB8C = {
			isa = PBXGroup;
			children = (
				E58E7CAF21BA92A90055BB8C /* CleanMVVM */,
				E58E7CC421BA92AB0055BB8C /* CleanMVVMTests */,
				E58E7CAE21BA92A90055BB8C /* Products */,
				3D1CD0E2522DF8B35CE608A9 /* Pods */,
				29B488537A81A4ED662BE45A /* Frameworks */,
			);
			sourceTree = "<group>";
		};
		E58E7CAE21BA92A90055BB8C /* Products */ = {
			isa = PBXGroup;
			children = (
				E58E7CAD21BA92A90055BB8C /* CleanMVVM.app */,
				E58E7CC121BA92AB0055BB8C /* CleanMVVMTests.xctest */,
			);
			name = Products;
			sourceTree = "<group>";
		};
		E58E7CAF21BA92A90055BB8C /* CleanMVVM */ = {
			isa = PBXGroup;
			children = (
				E5D3682B21BA935B007D5227 /* Application */,
				E5D3683221BA9512007D5227 /* Core */,
				E5D3683121BA9508007D5227 /* Coordinators */,
				E5D3682D21BA937F007D5227 /* Utils */,
				E5D3682C21BA937B007D5227 /* Scenes */,
				E58E7CB721BA92AB0055BB8C /* Assets.xcassets */,
				E58E7CB921BA92AB0055BB8C /* LaunchScreen.storyboard */,
				E58E7CBC21BA92AB0055BB8C /* Info.plist */,
			);
			path = CleanMVVM;
			sourceTree = "<group>";
		};
		E58E7CC421BA92AB0055BB8C /* CleanMVVMTests */ = {
			isa = PBXGroup;
			children = (
				E58E7CC521BA92AB0055BB8C /* CleanMVVMTests.swift */,
				E58E7CC721BA92AB0055BB8C /* Info.plist */,
			);
			path = CleanMVVMTests;
			sourceTree = "<group>";
		};
		E5D3682B21BA935B007D5227 /* Application */ = {
			isa = PBXGroup;
			children = (
				E58E7CB021BA92A90055BB8C /* AppDelegate.swift */,
			);
			path = Application;
			sourceTree = "<group>";
		};
		E5D3682C21BA937B007D5227 /* Scenes */ = {
			isa = PBXGroup;
			children = (
				6E0D9AB221BD64E6008BDD38 /* Dashboard */,
				E5867F7521BAB87500A03C92 /* Authentication */,
				E5D3683021BA94E8007D5227 /* Splash */,
			);
			path = Scenes;
			sourceTree = "<group>";
		};
		E5D3682D21BA937F007D5227 /* Utils */ = {
			isa = PBXGroup;
			children = (
				E5D3682E21BA93A4007D5227 /* Storyboardable.swift */,
			);
			path = Utils;
			sourceTree = "<group>";
		};
		E5D3683021BA94E8007D5227 /* Splash */ = {
			isa = PBXGroup;
			children = (
				E5D3684121BA9764007D5227 /* SplashViewController.storyboard */,
				E5D3683D21BA9735007D5227 /* SplashViewController.swift */,
				E5D3684321BA97F1007D5227 /* SplashConfigurator.swift */,
				E5D3684521BA9820007D5227 /* SplashViewModel.swift */,
			);
			path = Splash;
			sourceTree = "<group>";
		};
		E5D3683121BA9508007D5227 /* Coordinators */ = {
			isa = PBXGroup;
			children = (
				E5D3683721BA96C2007D5227 /* RootCoordinator.swift */,
				E5D3683921BA96DD007D5227 /* AuthCoordinator.swift */,
				E5D3683B21BA96F6007D5227 /* AppCoordinator.swift */,
			);
			path = Coordinators;
			sourceTree = "<group>";
		};
		E5D3683221BA9512007D5227 /* Core */ = {
			isa = PBXGroup;
			children = (
				E5D3683321BA952A007D5227 /* Coordinator.swift */,
				6E0D9AB021BD64A7008BDD38 /* Dynamic.swift */,
			);
			path = Core;
			sourceTree = "<group>";
		};
/* End PBXGroup section */

/* Begin PBXNativeTarget section */
		E58E7CAC21BA92A90055BB8C /* CleanMVVM */ = {
			isa = PBXNativeTarget;
			buildConfigurationList = E58E7CCA21BA92AB0055BB8C /* Build configuration list for PBXNativeTarget "CleanMVVM" */;
			buildPhases = (
				E6CCFCB8C763267E2513BC0F /* [CP] Check Pods Manifest.lock */,
				E58E7CA921BA92A90055BB8C /* Sources */,
				E58E7CAA21BA92A90055BB8C /* Frameworks */,
				E58E7CAB21BA92A90055BB8C /* Resources */,
			);
			buildRules = (
			);
			dependencies = (
			);
			name = CleanMVVM;
			productName = CleanMVVM;
			productReference = E58E7CAD21BA92A90055BB8C /* CleanMVVM.app */;
			productType = "com.apple.product-type.application";
		};
		E58E7CC021BA92AB0055BB8C /* CleanMVVMTests */ = {
			isa = PBXNativeTarget;
			buildConfigurationList = E58E7CCD21BA92AB0055BB8C /* Build configuration list for PBXNativeTarget "CleanMVVMTests" */;
			buildPhases = (
				FC88B9724000D8CEF6118C52 /* [CP] Check Pods Manifest.lock */,
				E58E7CBD21BA92AB0055BB8C /* Sources */,
				E58E7CBE21BA92AB0055BB8C /* Frameworks */,
				E58E7CBF21BA92AB0055BB8C /* Resources */,
			);
			buildRules = (
			);
			dependencies = (
				E58E7CC321BA92AB0055BB8C /* PBXTargetDependency */,
			);
			name = CleanMVVMTests;
			productName = CleanMVVMTests;
			productReference = E58E7CC121BA92AB0055BB8C /* CleanMVVMTests.xctest */;
			productType = "com.apple.product-type.bundle.unit-test";
		};
/* End PBXNativeTarget section */

/* Begin PBXProject section */
		E58E7CA521BA92A90055BB8C /* Project object */ = {
			isa = PBXProject;
			attributes = {
				LastSwiftUpdateCheck = 1000;
				LastUpgradeCheck = 1000;
				ORGANIZATIONNAME = "Paweł Piątkowski";
				TargetAttributes = {
					E58E7CAC21BA92A90055BB8C = {
						CreatedOnToolsVersion = 10.0;
					};
					E58E7CC021BA92AB0055BB8C = {
						CreatedOnToolsVersion = 10.0;
						TestTargetID = E58E7CAC21BA92A90055BB8C;
					};
				};
			};
			buildConfigurationList = E58E7CA821BA92A90055BB8C /* Build configuration list for PBXProject "CleanMVVM" */;
			compatibilityVersion = "Xcode 9.3";
			developmentRegion = en;
			hasScannedForEncodings = 0;
			knownRegions = (
				en,
				Base,
			);
			mainGroup = E58E7CA421BA92A90055BB8C;
			productRefGroup = E58E7CAE21BA92A90055BB8C /* Products */;
			projectDirPath = "";
			projectRoot = "";
			targets = (
				E58E7CAC21BA92A90055BB8C /* CleanMVVM */,
				E58E7CC021BA92AB0055BB8C /* CleanMVVMTests */,
			);
		};
/* End PBXProject section */

/* Begin PBXResourcesBuildPhase section */
		E58E7CAB21BA92A90055BB8C /* Resources */ = {
			isa = PBXResourcesBuildPhase;
			buildActionMask = 2147483647;
			files = (
				6E0D9ABA21BD6528008BDD38 /* DashboardViewController.storyboard in Resources */,
				E5D3684221BA9764007D5227 /* SplashViewController.storyboard in Resources */,
				E5867F7E21BABD0300A03C92 /* LoginViewController.storyboard in Resources */,
				E58E7CBB21BA92AB0055BB8C /* LaunchScreen.storyboard in Resources */,
				E58E7CB821BA92AB0055BB8C /* Assets.xcassets in Resources */,
			);
			runOnlyForDeploymentPostprocessing = 0;
		};
		E58E7CBF21BA92AB0055BB8C /* Resources */ = {
			isa = PBXResourcesBuildPhase;
			buildActionMask = 2147483647;
			files = (
			);
			runOnlyForDeploymentPostprocessing = 0;
		};
/* End PBXResourcesBuildPhase section */

/* Begin PBXShellScriptBuildPhase section */
		E6CCFCB8C763267E2513BC0F /* [CP] Check Pods Manifest.lock */ = {
			isa = PBXShellScriptBuildPhase;
			buildActionMask = 2147483647;
			files = (
			);
			inputFileListPaths = (
			);
			inputPaths = (
				"${PODS_PODFILE_DIR_PATH}/Podfile.lock",
				"${PODS_ROOT}/Manifest.lock",
			);
			name = "[CP] Check Pods Manifest.lock";
			outputFileListPaths = (
			);
			outputPaths = (
				"$(DERIVED_FILE_DIR)/Pods-CleanMVVM-checkManifestLockResult.txt",
			);
			runOnlyForDeploymentPostprocessing = 0;
			shellPath = /bin/sh;
			shellScript = "diff \"${PODS_PODFILE_DIR_PATH}/Podfile.lock\" \"${PODS_ROOT}/Manifest.lock\" > /dev/null\nif [ $? != 0 ] ; then\n    # print error to STDERR\n    echo \"error: The sandbox is not in sync with the Podfile.lock. Run 'pod install' or update your CocoaPods installation.\" >&2\n    exit 1\nfi\n# This output is used by Xcode 'outputs' to avoid re-running this script phase.\necho \"SUCCESS\" > \"${SCRIPT_OUTPUT_FILE_0}\"\n";
			showEnvVarsInLog = 0;
		};
		FC88B9724000D8CEF6118C52 /* [CP] Check Pods Manifest.lock */ = {
			isa = PBXShellScriptBuildPhase;
			buildActionMask = 2147483647;
			files = (
			);
			inputFileListPaths = (
			);
			inputPaths = (
				"${PODS_PODFILE_DIR_PATH}/Podfile.lock",
				"${PODS_ROOT}/Manifest.lock",
			);
			name = "[CP] Check Pods Manifest.lock";
			outputFileListPaths = (
			);
			outputPaths = (
				"$(DERIVED_FILE_DIR)/Pods-CleanMVVMTests-checkManifestLockResult.txt",
			);
			runOnlyForDeploymentPostprocessing = 0;
			shellPath = /bin/sh;
			shellScript = "diff \"${PODS_PODFILE_DIR_PATH}/Podfile.lock\" \"${PODS_ROOT}/Manifest.lock\" > /dev/null\nif [ $? != 0 ] ; then\n    # print error to STDERR\n    echo \"error: The sandbox is not in sync with the Podfile.lock. Run 'pod install' or update your CocoaPods installation.\" >&2\n    exit 1\nfi\n# This output is used by Xcode 'outputs' to avoid re-running this script phase.\necho \"SUCCESS\" > \"${SCRIPT_OUTPUT_FILE_0}\"\n";
			showEnvVarsInLog = 0;
		};
/* End PBXShellScriptBuildPhase section */

/* Begin PBXSourcesBuildPhase section */
		E58E7CA921BA92A90055BB8C /* Sources */ = {
			isa = PBXSourcesBuildPhase;
			buildActionMask = 2147483647;
			files = (
				E5D3683421BA952A007D5227 /* Coordinator.swift in Sources */,
				6E0D9AB821BD651A008BDD38 /* DashboardConfigurator.swift in Sources */,
				6E0D9AC021BDA7A5008BDD38 /* FetchCustomerUseCase.swift in Sources */,
				E5D3683821BA96C2007D5227 /* RootCoordinator.swift in Sources */,
				E5D3682F21BA93A4007D5227 /* Storyboardable.swift in Sources */,
				E5D3684621BA9820007D5227 /* SplashViewModel.swift in Sources */,
				E5867F7C21BABCF800A03C92 /* LoginConfigurator.swift in Sources */,
				6E0D9AB121BD64A7008BDD38 /* Dynamic.swift in Sources */,
				E5D3683A21BA96DD007D5227 /* AuthCoordinator.swift in Sources */,
				6E0D9AB621BD650E008BDD38 /* DashboardViewModel.swift in Sources */,
				E58E7CB121BA92A90055BB8C /* AppDelegate.swift in Sources */,
				E5D3683C21BA96F6007D5227 /* AppCoordinator.swift in Sources */,
				6E0D9ABD21BD6CFD008BDD38 /* Customer.swift in Sources */,
				E5867F7A21BABCEF00A03C92 /* LoginViewModel.swift in Sources */,
				E5D3683E21BA9735007D5227 /* SplashViewController.swift in Sources */,
				E5867F8121BABF7200A03C92 /* LoginUseCase.swift in Sources */,
				E5D3684421BA97F1007D5227 /* SplashConfigurator.swift in Sources */,
				E5867F7821BABCE600A03C92 /* LoginViewController.swift in Sources */,
				6E0D9AB421BD64F4008BDD38 /* DashboardViewController.swift in Sources */,
			);
			runOnlyForDeploymentPostprocessing = 0;
		};
		E58E7CBD21BA92AB0055BB8C /* Sources */ = {
			isa = PBXSourcesBuildPhase;
			buildActionMask = 2147483647;
			files = (
				E58E7CC621BA92AB0055BB8C /* CleanMVVMTests.swift in Sources */,
			);
			runOnlyForDeploymentPostprocessing = 0;
		};
/* End PBXSourcesBuildPhase section */

/* Begin PBXTargetDependency section */
		E58E7CC321BA92AB0055BB8C /* PBXTargetDependency */ = {
			isa = PBXTargetDependency;
			target = E58E7CAC21BA92A90055BB8C /* CleanMVVM */;
			targetProxy = E58E7CC221BA92AB0055BB8C /* PBXContainerItemProxy */;
		};
/* End PBXTargetDependency section */

/* Begin PBXVariantGroup section */
		E58E7CB921BA92AB0055BB8C /* LaunchScreen.storyboard */ = {
			isa = PBXVariantGroup;
			children = (
				E58E7CBA21BA92AB0055BB8C /* Base */,
			);
			name = LaunchScreen.storyboard;
			sourceTree = "<group>";
		};
/* End PBXVariantGroup section */

/* Begin XCBuildConfiguration section */
		E58E7CC821BA92AB0055BB8C /* Debug */ = {
			isa = XCBuildConfiguration;
			buildSettings = {
				ALWAYS_SEARCH_USER_PATHS = NO;
				CLANG_ANALYZER_NONNULL = YES;
				CLANG_ANALYZER_NUMBER_OBJECT_CONVERSION = YES_AGGRESSIVE;
				CLANG_CXX_LANGUAGE_STANDARD = "gnu++14";
				CLANG_CXX_LIBRARY = "libc++";
				CLANG_ENABLE_MODULES = YES;
				CLANG_ENABLE_OBJC_ARC = YES;
				CLANG_ENABLE_OBJC_WEAK = YES;
				CLANG_WARN_BLOCK_CAPTURE_AUTORELEASING = YES;
				CLANG_WARN_BOOL_CONVERSION = YES;
				CLANG_WARN_COMMA = YES;
				CLANG_WARN_CONSTANT_CONVERSION = YES;
				CLANG_WARN_DEPRECATED_OBJC_IMPLEMENTATIONS = YES;
				CLANG_WARN_DIRECT_OBJC_ISA_USAGE = YES_ERROR;
				CLANG_WARN_DOCUMENTATION_COMMENTS = YES;
				CLANG_WARN_EMPTY_BODY = YES;
				CLANG_WARN_ENUM_CONVERSION = YES;
				CLANG_WARN_INFINITE_RECURSION = YES;
				CLANG_WARN_INT_CONVERSION = YES;
				CLANG_WARN_NON_LITERAL_NULL_CONVERSION = YES;
				CLANG_WARN_OBJC_IMPLICIT_RETAIN_SELF = YES;
				CLANG_WARN_OBJC_LITERAL_CONVERSION = YES;
				CLANG_WARN_OBJC_ROOT_CLASS = YES_ERROR;
				CLANG_WARN_RANGE_LOOP_ANALYSIS = YES;
				CLANG_WARN_STRICT_PROTOTYPES = YES;
				CLANG_WARN_SUSPICIOUS_MOVE = YES;
				CLANG_WARN_UNGUARDED_AVAILABILITY = YES_AGGRESSIVE;
				CLANG_WARN_UNREACHABLE_CODE = YES;
				CLANG_WARN__DUPLICATE_METHOD_MATCH = YES;
				CODE_SIGN_IDENTITY = "iPhone Developer";
				COPY_PHASE_STRIP = NO;
				DEBUG_INFORMATION_FORMAT = dwarf;
				ENABLE_STRICT_OBJC_MSGSEND = YES;
				ENABLE_TESTABILITY = YES;
				GCC_C_LANGUAGE_STANDARD = gnu11;
				GCC_DYNAMIC_NO_PIC = NO;
				GCC_NO_COMMON_BLOCKS = YES;
				GCC_OPTIMIZATION_LEVEL = 0;
				GCC_PREPROCESSOR_DEFINITIONS = (
					"DEBUG=1",
					"$(inherited)",
				);
				GCC_WARN_64_TO_32_BIT_CONVERSION = YES;
				GCC_WARN_ABOUT_RETURN_TYPE = YES_ERROR;
				GCC_WARN_UNDECLARED_SELECTOR = YES;
				GCC_WARN_UNINITIALIZED_AUTOS = YES_AGGRESSIVE;
				GCC_WARN_UNUSED_FUNCTION = YES;
				GCC_WARN_UNUSED_VARIABLE = YES;
				IPHONEOS_DEPLOYMENT_TARGET = 12.0;
				MTL_ENABLE_DEBUG_INFO = INCLUDE_SOURCE;
				MTL_FAST_MATH = YES;
				ONLY_ACTIVE_ARCH = YES;
				SDKROOT = iphoneos;
				SWIFT_ACTIVE_COMPILATION_CONDITIONS = DEBUG;
				SWIFT_OPTIMIZATION_LEVEL = "-Onone";
				SWIFT_TREAT_WARNINGS_AS_ERRORS = YES;
			};
			name = Debug;
		};
		E58E7CC921BA92AB0055BB8C /* Release */ = {
			isa = XCBuildConfiguration;
			buildSettings = {
				ALWAYS_SEARCH_USER_PATHS = NO;
				CLANG_ANALYZER_NONNULL = YES;
				CLANG_ANALYZER_NUMBER_OBJECT_CONVERSION = YES_AGGRESSIVE;
				CLANG_CXX_LANGUAGE_STANDARD = "gnu++14";
				CLANG_CXX_LIBRARY = "libc++";
				CLANG_ENABLE_MODULES = YES;
				CLANG_ENABLE_OBJC_ARC = YES;
				CLANG_ENABLE_OBJC_WEAK = YES;
				CLANG_WARN_BLOCK_CAPTURE_AUTORELEASING = YES;
				CLANG_WARN_BOOL_CONVERSION = YES;
				CLANG_WARN_COMMA = YES;
				CLANG_WARN_CONSTANT_CONVERSION = YES;
				CLANG_WARN_DEPRECATED_OBJC_IMPLEMENTATIONS = YES;
				CLANG_WARN_DIRECT_OBJC_ISA_USAGE = YES_ERROR;
				CLANG_WARN_DOCUMENTATION_COMMENTS = YES;
				CLANG_WARN_EMPTY_BODY = YES;
				CLANG_WARN_ENUM_CONVERSION = YES;
				CLANG_WARN_INFINITE_RECURSION = YES;
				CLANG_WARN_INT_CONVERSION = YES;
				CLANG_WARN_NON_LITERAL_NULL_CONVERSION = YES;
				CLANG_WARN_OBJC_IMPLICIT_RETAIN_SELF = YES;
				CLANG_WARN_OBJC_LITERAL_CONVERSION = YES;
				CLANG_WARN_OBJC_ROOT_CLASS = YES_ERROR;
				CLANG_WARN_RANGE_LOOP_ANALYSIS = YES;
				CLANG_WARN_STRICT_PROTOTYPES = YES;
				CLANG_WARN_SUSPICIOUS_MOVE = YES;
				CLANG_WARN_UNGUARDED_AVAILABILITY = YES_AGGRESSIVE;
				CLANG_WARN_UNREACHABLE_CODE = YES;
				CLANG_WARN__DUPLICATE_METHOD_MATCH = YES;
				CODE_SIGN_IDENTITY = "iPhone Developer";
				COPY_PHASE_STRIP = NO;
				DEBUG_INFORMATION_FORMAT = "dwarf-with-dsym";
				ENABLE_NS_ASSERTIONS = NO;
				ENABLE_STRICT_OBJC_MSGSEND = YES;
				GCC_C_LANGUAGE_STANDARD = gnu11;
				GCC_NO_COMMON_BLOCKS = YES;
				GCC_WARN_64_TO_32_BIT_CONVERSION = YES;
				GCC_WARN_ABOUT_RETURN_TYPE = YES_ERROR;
				GCC_WARN_UNDECLARED_SELECTOR = YES;
				GCC_WARN_UNINITIALIZED_AUTOS = YES_AGGRESSIVE;
				GCC_WARN_UNUSED_FUNCTION = YES;
				GCC_WARN_UNUSED_VARIABLE = YES;
				IPHONEOS_DEPLOYMENT_TARGET = 12.0;
				MTL_ENABLE_DEBUG_INFO = NO;
				MTL_FAST_MATH = YES;
				SDKROOT = iphoneos;
				SWIFT_COMPILATION_MODE = wholemodule;
				SWIFT_OPTIMIZATION_LEVEL = "-O";
				SWIFT_TREAT_WARNINGS_AS_ERRORS = YES;
				VALIDATE_PRODUCT = YES;
			};
			name = Release;
		};
		E58E7CCB21BA92AB0055BB8C /* Debug */ = {
			isa = XCBuildConfiguration;
			baseConfigurationReference = 926671531AB3BA4351DE83B6 /* Pods-CleanMVVM.debug.xcconfig */;
			buildSettings = {
				ASSETCATALOG_COMPILER_APPICON_NAME = AppIcon;
				CODE_SIGN_STYLE = Automatic;
				DEVELOPMENT_TEAM = X6EY7P2429;
				INFOPLIST_FILE = CleanMVVM/Info.plist;
				LD_RUNPATH_SEARCH_PATHS = (
					"$(inherited)",
					"@executable_path/Frameworks",
				);
				PRODUCT_BUNDLE_IDENTIFIER = com.ppiatkowski.CleanMVVM;
				PRODUCT_NAME = "$(TARGET_NAME)";
				SWIFT_VERSION = 4.2;
				TARGETED_DEVICE_FAMILY = "1,2";
			};
			name = Debug;
		};
		E58E7CCC21BA92AB0055BB8C /* Release */ = {
			isa = XCBuildConfiguration;
			baseConfigurationReference = 6C25D2525F064E95812CE1FA /* Pods-CleanMVVM.release.xcconfig */;
			buildSettings = {
				ASSETCATALOG_COMPILER_APPICON_NAME = AppIcon;
				CODE_SIGN_STYLE = Automatic;
				DEVELOPMENT_TEAM = X6EY7P2429;
				INFOPLIST_FILE = CleanMVVM/Info.plist;
				LD_RUNPATH_SEARCH_PATHS = (
					"$(inherited)",
					"@executable_path/Frameworks",
				);
				PRODUCT_BUNDLE_IDENTIFIER = com.ppiatkowski.CleanMVVM;
				PRODUCT_NAME = "$(TARGET_NAME)";
				SWIFT_VERSION = 4.2;
				TARGETED_DEVICE_FAMILY = "1,2";
			};
			name = Release;
		};
		E58E7CCE21BA92AB0055BB8C /* Debug */ = {
			isa = XCBuildConfiguration;
			baseConfigurationReference = 0E2FFADF8F7F206263C741FC /* Pods-CleanMVVMTests.debug.xcconfig */;
			buildSettings = {
				ALWAYS_EMBED_SWIFT_STANDARD_LIBRARIES = YES;
				BUNDLE_LOADER = "$(TEST_HOST)";
				CODE_SIGN_STYLE = Automatic;
				DEVELOPMENT_TEAM = ZV9U7D7GQT;
				INFOPLIST_FILE = CleanMVVMTests/Info.plist;
				LD_RUNPATH_SEARCH_PATHS = (
					"$(inherited)",
					"@executable_path/Frameworks",
					"@loader_path/Frameworks",
				);
				PRODUCT_BUNDLE_IDENTIFIER = com.pawelpiatkowski.CleanMVVMTests;
				PRODUCT_NAME = "$(TARGET_NAME)";
				SWIFT_VERSION = 4.2;
				TARGETED_DEVICE_FAMILY = "1,2";
				TEST_HOST = "$(BUILT_PRODUCTS_DIR)/CleanMVVM.app/CleanMVVM";
			};
			name = Debug;
		};
		E58E7CCF21BA92AB0055BB8C /* Release */ = {
			isa = XCBuildConfiguration;
			baseConfigurationReference = 4E79E80E6B53D87FFCE02D6C /* Pods-CleanMVVMTests.release.xcconfig */;
			buildSettings = {
				ALWAYS_EMBED_SWIFT_STANDARD_LIBRARIES = YES;
				BUNDLE_LOADER = "$(TEST_HOST)";
				CODE_SIGN_STYLE = Automatic;
				DEVELOPMENT_TEAM = ZV9U7D7GQT;
				INFOPLIST_FILE = CleanMVVMTests/Info.plist;
				LD_RUNPATH_SEARCH_PATHS = (
					"$(inherited)",
					"@executable_path/Frameworks",
					"@loader_path/Frameworks",
				);
				PRODUCT_BUNDLE_IDENTIFIER = com.pawelpiatkowski.CleanMVVMTests;
				PRODUCT_NAME = "$(TARGET_NAME)";
				SWIFT_VERSION = 4.2;
				TARGETED_DEVICE_FAMILY = "1,2";
				TEST_HOST = "$(BUILT_PRODUCTS_DIR)/CleanMVVM.app/CleanMVVM";
			};
			name = Release;
		};
/* End XCBuildConfiguration section */

/* Begin XCConfigurationList section */
		E58E7CA821BA92A90055BB8C /* Build configuration list for PBXProject "CleanMVVM" */ = {
			isa = XCConfigurationList;
			buildConfigurations = (
				E58E7CC821BA92AB0055BB8C /* Debug */,
				E58E7CC921BA92AB0055BB8C /* Release */,
			);
			defaultConfigurationIsVisible = 0;
			defaultConfigurationName = Release;
		};
		E58E7CCA21BA92AB0055BB8C /* Build configuration list for PBXNativeTarget "CleanMVVM" */ = {
			isa = XCConfigurationList;
			buildConfigurations = (
				E58E7CCB21BA92AB0055BB8C /* Debug */,
				E58E7CCC21BA92AB0055BB8C /* Release */,
			);
			defaultConfigurationIsVisible = 0;
			defaultConfigurationName = Release;
		};
		E58E7CCD21BA92AB0055BB8C /* Build configuration list for PBXNativeTarget "CleanMVVMTests" */ = {
			isa = XCConfigurationList;
			buildConfigurations = (
				E58E7CCE21BA92AB0055BB8C /* Debug */,
				E58E7CCF21BA92AB0055BB8C /* Release */,
			);
			defaultConfigurationIsVisible = 0;
			defaultConfigurationName = Release;
		};
/* End XCConfigurationList section */
	};
	rootObject = E58E7CA521BA92A90055BB8C /* Project object */;
}
